
Microsoft Visual Studio Solution File, Format Version 12.00
# Visual Studio Version 16
VisualStudioVersion = 16.0.32002.261
MinimumVisualStudioVersion = 10.0.40219.1
Project("{FAE04EC0-301F-11D3-BF4B-00C04F79EFBC}") = "Laba20 itog Wpf", "Laba20 itog Wpf\Laba20 itog Wpf.csproj", "{D98F3FE3-15AE-460E-8504-0466C56E822B}"
EndProject
Global
	GlobalSection(SolutionConfigurationPlatforms) = preSolution
		Debug|Any CPU = Debug|Any CPU
		Release|Any CPU = Release|Any CPU
	EndGlobalSection
	GlobalSection(ProjectConfigurationPlatforms) = postSolution
		{D98F3FE3-15AE-460E-8504-0466C56E822B}.Debug|Any CPU.ActiveCfg = Debug|Any CPU
		{D98F3FE3-15AE-460E-8504-0466C56E822B}.Debug|Any CPU.Build.0 = Debug|Any CPU
		{D98F3FE3-15AE-460E-8504-0466C56E822B}.Release|Any CPU.ActiveCfg = Release|Any CPU
		{D98F3FE3-15AE-460E-8504-0466C56E822B}.Release|Any CPU.Build.0 = Release|Any CPU
	EndGlobalSection
	GlobalSection(SolutionProperties) = preSolution
		HideSolutionNode = FALSE
	EndGlobalSection
	GlobalSection(ExtensibilityGlobals) = postSolution
		SolutionGuid = {AEEE7EE6-028A-4B28-9BBF-C893FFC5EF3C}
	EndGlobalSection
EndGlobal
